// !$*UTF8*$!
{
	archiveVersion = 1;
	classes = {
	};
	objectVersion = 56;
	objects = {

/* Begin PBXBuildFile section */
		CE6F44DD2A0FD420001B54E7 /* Personal_CVApp.swift in Sources */ = {isa = PBXBuildFile; fileRef = CE6F44DC2A0FD420001B54E7 /* Personal_CVApp.swift */; };
		CE6F44DF2A0FD420001B54E7 /* ContentView.swift in Sources */ = {isa = PBXBuildFile; fileRef = CE6F44DE2A0FD420001B54E7 /* ContentView.swift */; };
		CE6F44E12A0FD420001B54E7 /* Assets.xcassets in Resources */ = {isa = PBXBuildFile; fileRef = CE6F44E02A0FD420001B54E7 /* Assets.xcassets */; };
		CE6F44E42A0FD420001B54E7 /* Preview Assets.xcassets in Resources */ = {isa = PBXBuildFile; fileRef = CE6F44E32A0FD420001B54E7 /* Preview Assets.xcassets */; };
		CE6F44EE2A0FD421001B54E7 /* Personal_CVTests.swift in Sources */ = {isa = PBXBuildFile; fileRef = CE6F44ED2A0FD421001B54E7 /* Personal_CVTests.swift */; };
		CE6F44F82A0FD421001B54E7 /* Personal_CVUITests.swift in Sources */ = {isa = PBXBuildFile; fileRef = CE6F44F72A0FD421001B54E7 /* Personal_CVUITests.swift */; };
		CE6F44FA2A0FD421001B54E7 /* Personal_CVUITestsLaunchTests.swift in Sources */ = {isa = PBXBuildFile; fileRef = CE6F44F92A0FD421001B54E7 /* Personal_CVUITestsLaunchTests.swift */; };
		CE6F45082A0FD446001B54E7 /* Homepage.swift in Sources */ = {isa = PBXBuildFile; fileRef = CE6F45072A0FD446001B54E7 /* Homepage.swift */; };
		CE6F450A2A0FE971001B54E7 /* Projects.swift in Sources */ = {isa = PBXBuildFile; fileRef = CE6F45092A0FE971001B54E7 /* Projects.swift */; };
		CE6F450C2A0FE982001B54E7 /* Certifications.swift in Sources */ = {isa = PBXBuildFile; fileRef = CE6F450B2A0FE982001B54E7 /* Certifications.swift */; };
		CE6F450E2A0FEC3E001B54E7 /* Goals.swift in Sources */ = {isa = PBXBuildFile; fileRef = CE6F450D2A0FEC3E001B54E7 /* Goals.swift */; };
		CE6F45102A0FF07E001B54E7 /* ImagePreview.swift in Sources */ = {isa = PBXBuildFile; fileRef = CE6F450F2A0FF07E001B54E7 /* ImagePreview.swift */; };
		CE6F45132A100E55001B54E7 /* Data.swift in Sources */ = {isa = PBXBuildFile; fileRef = CE6F45122A100E55001B54E7 /* Data.swift */; };
		CE6F45152A10133F001B54E7 /* CreateGoal.swift in Sources */ = {isa = PBXBuildFile; fileRef = CE6F45142A10133E001B54E7 /* CreateGoal.swift */; };
/* End PBXBuildFile section */

/* Begin PBXContainerItemProxy section */
		CE6F44EA2A0FD421001B54E7 /* PBXContainerItemProxy */ = {
			isa = PBXContainerItemProxy;
			containerPortal = CE6F44D12A0FD420001B54E7 /* Project object */;
			proxyType = 1;
			remoteGlobalIDString = CE6F44D82A0FD420001B54E7;
			remoteInfo = "Personal CV";
		};
		CE6F44F42A0FD421001B54E7 /* PBXContainerItemProxy */ = {
			isa = PBXContainerItemProxy;
			containerPortal = CE6F44D12A0FD420001B54E7 /* Project object */;
			proxyType = 1;
			remoteGlobalIDString = CE6F44D82A0FD420001B54E7;
			remoteInfo = "Personal CV";
		};
/* End PBXContainerItemProxy section */

/* Begin PBXFileReference section */
		CE6F44D92A0FD420001B54E7 /* Personal CV.app */ = {isa = PBXFileReference; explicitFileType = wrapper.application; includeInIndex = 0; path = "Personal CV.app"; sourceTree = BUILT_PRODUCTS_DIR; };
		CE6F44DC2A0FD420001B54E7 /* Personal_CVApp.swift */ = {isa = PBXFileReference; lastKnownFileType = sourcecode.swift; path = Personal_CVApp.swift; sourceTree = "<group>"; };
		CE6F44DE2A0FD420001B54E7 /* ContentView.swift */ = {isa = PBXFileReference; lastKnownFileType = sourcecode.swift; path = ContentView.swift; sourceTree = "<group>"; };
		CE6F44E02A0FD420001B54E7 /* Assets.xcassets */ = {isa = PBXFileReference; lastKnownFileType = folder.assetcatalog; path = Assets.xcassets; sourceTree = "<group>"; };
		CE6F44E32A0FD420001B54E7 /* Preview Assets.xcassets */ = {isa = PBXFileReference; lastKnownFileType = folder.assetcatalog; path = "Preview Assets.xcassets"; sourceTree = "<group>"; };
		CE6F44E92A0FD421001B54E7 /* Personal CVTests.xctest */ = {isa = PBXFileReference; explicitFileType = wrapper.cfbundle; includeInIndex = 0; path = "Personal CVTests.xctest"; sourceTree = BUILT_PRODUCTS_DIR; };
		CE6F44ED2A0FD421001B54E7 /* Personal_CVTests.swift */ = {isa = PBXFileReference; lastKnownFileType = sourcecode.swift; path = Personal_CVTests.swift; sourceTree = "<group>"; };
		CE6F44F32A0FD421001B54E7 /* Personal CVUITests.xctest */ = {isa = PBXFileReference; explicitFileType = wrapper.cfbundle; includeInIndex = 0; path = "Personal CVUITests.xctest"; sourceTree = BUILT_PRODUCTS_DIR; };
		CE6F44F72A0FD421001B54E7 /* Personal_CVUITests.swift */ = {isa = PBXFileReference; lastKnownFileType = sourcecode.swift; path = Personal_CVUITests.swift; sourceTree = "<group>"; };
		CE6F44F92A0FD421001B54E7 /* Personal_CVUITestsLaunchTests.swift */ = {isa = PBXFileReference; lastKnownFileType = sourcecode.swift; path = Personal_CVUITestsLaunchTests.swift; sourceTree = "<group>"; };
		CE6F45072A0FD446001B54E7 /* Homepage.swift */ = {isa = PBXFileReference; lastKnownFileType = sourcecode.swift; path = Homepage.swift; sourceTree = "<group>"; };
		CE6F45092A0FE971001B54E7 /* Projects.swift */ = {isa = PBXFileReference; lastKnownFileType = sourcecode.swift; path = Projects.swift; sourceTree = "<group>"; };
		CE6F450B2A0FE982001B54E7 /* Certifications.swift */ = {isa = PBXFileReference; lastKnownFileType = sourcecode.swift; path = Certifications.swift; sourceTree = "<group>"; };
		CE6F450D2A0FEC3E001B54E7 /* Goals.swift */ = {isa = PBXFileReference; lastKnownFileType = sourcecode.swift; path = Goals.swift; sourceTree = "<group>"; };
		CE6F450F2A0FF07E001B54E7 /* ImagePreview.swift */ = {isa = PBXFileReference; lastKnownFileType = sourcecode.swift; path = ImagePreview.swift; sourceTree = "<group>"; };
		CE6F45122A100E55001B54E7 /* Data.swift */ = {isa = PBXFileReference; lastKnownFileType = sourcecode.swift; path = Data.swift; sourceTree = "<group>"; };
		CE6F45142A10133E001B54E7 /* CreateGoal.swift */ = {isa = PBXFileReference; lastKnownFileType = sourcecode.swift; path = CreateGoal.swift; sourceTree = "<group>"; };
/* End PBXFileReference section */

/* Begin PBXFrameworksBuildPhase section */
		CE6F44D62A0FD420001B54E7 /* Frameworks */ = {
			isa = PBXFrameworksBuildPhase;
			buildActionMask = 2147483647;
			files = (
			);
			runOnlyForDeploymentPostprocessing = 0;
		};
		CE6F44E62A0FD421001B54E7 /* Frameworks */ = {
			isa = PBXFrameworksBuildPhase;
			buildActionMask = 2147483647;
			files = (
			);
			runOnlyForDeploymentPostprocessing = 0;
		};
		CE6F44F02A0FD421001B54E7 /* Frameworks */ = {
			isa = PBXFrameworksBuildPhase;
			buildActionMask = 2147483647;
			files = (
			);
			runOnlyForDeploymentPostprocessing = 0;
		};
/* End PBXFrameworksBuildPhase section */

/* Begin PBXGroup section */
		CE6F44D02A0FD420001B54E7 = {
			isa = PBXGroup;
			children = (
				CE6F44DB2A0FD420001B54E7 /* Personal CV */,
				CE6F44EC2A0FD421001B54E7 /* Personal CVTests */,
				CE6F44F62A0FD421001B54E7 /* Personal CVUITests */,
				CE6F44DA2A0FD420001B54E7 /* Products */,
			);
			sourceTree = "<group>";
		};
		CE6F44DA2A0FD420001B54E7 /* Products */ = {
			isa = PBXGroup;
			children = (
				CE6F44D92A0FD420001B54E7 /* Personal CV.app */,
				CE6F44E92A0FD421001B54E7 /* Personal CVTests.xctest */,
				CE6F44F32A0FD421001B54E7 /* Personal CVUITests.xctest */,
			);
			name = Products;
			sourceTree = "<group>";
		};
		CE6F44DB2A0FD420001B54E7 /* Personal CV */ = {
			isa = PBXGroup;
			children = (
				CE6F45112A100E43001B54E7 /* Data Model */,
				CE6F45062A0FD436001B54E7 /* Views */,
				CE6F44DC2A0FD420001B54E7 /* Personal_CVApp.swift */,
				CE6F44DE2A0FD420001B54E7 /* ContentView.swift */,
				CE6F44E02A0FD420001B54E7 /* Assets.xcassets */,
				CE6F44E22A0FD420001B54E7 /* Preview Content */,
			);
			path = "Personal CV";
			sourceTree = "<group>";
		};
		CE6F44E22A0FD420001B54E7 /* Preview Content */ = {
			isa = PBXGroup;
			children = (
				CE6F44E32A0FD420001B54E7 /* Preview Assets.xcassets */,
			);
			path = "Preview Content";
			sourceTree = "<group>";
		};
		CE6F44EC2A0FD421001B54E7 /* Personal CVTests */ = {
			isa = PBXGroup;
			children = (
				CE6F44ED2A0FD421001B54E7 /* Personal_CVTests.swift */,
			);
			path = "Personal CVTests";
			sourceTree = "<group>";
		};
		CE6F44F62A0FD421001B54E7 /* Personal CVUITests */ = {
			isa = PBXGroup;
			children = (
				CE6F44F72A0FD421001B54E7 /* Personal_CVUITests.swift */,
				CE6F44F92A0FD421001B54E7 /* Personal_CVUITestsLaunchTests.swift */,
			);
			path = "Personal CVUITests";
			sourceTree = "<group>";
		};
		CE6F45062A0FD436001B54E7 /* Views */ = {
			isa = PBXGroup;
			children = (
				CE6F45072A0FD446001B54E7 /* Homepage.swift */,
				CE6F45092A0FE971001B54E7 /* Projects.swift */,
				CE6F450B2A0FE982001B54E7 /* Certifications.swift */,
				CE6F450D2A0FEC3E001B54E7 /* Goals.swift */,
				CE6F450F2A0FF07E001B54E7 /* ImagePreview.swift */,
				CE6F45142A10133E001B54E7 /* CreateGoal.swift */,
			);
			path = Views;
			sourceTree = "<group>";
		};
		CE6F45112A100E43001B54E7 /* Data Model */ = {
			isa = PBXGroup;
			children = (
				CE6F45122A100E55001B54E7 /* Data.swift */,
			);
			path = "Data Model";
			sourceTree = "<group>";
		};
/* End PBXGroup section */

/* Begin PBXNativeTarget section */
		CE6F44D82A0FD420001B54E7 /* Personal CV */ = {
			isa = PBXNativeTarget;
			buildConfigurationList = CE6F44FD2A0FD421001B54E7 /* Build configuration list for PBXNativeTarget "Personal CV" */;
			buildPhases = (
				CE6F44D52A0FD420001B54E7 /* Sources */,
				CE6F44D62A0FD420001B54E7 /* Frameworks */,
				CE6F44D72A0FD420001B54E7 /* Resources */,
			);
			buildRules = (
			);
			dependencies = (
			);
			name = "Personal CV";
			productName = "Personal CV";
			productReference = CE6F44D92A0FD420001B54E7 /* Personal CV.app */;
			productType = "com.apple.product-type.application";
		};
		CE6F44E82A0FD421001B54E7 /* Personal CVTests */ = {
			isa = PBXNativeTarget;
			buildConfigurationList = CE6F45002A0FD421001B54E7 /* Build configuration list for PBXNativeTarget "Personal CVTests" */;
			buildPhases = (
				CE6F44E52A0FD421001B54E7 /* Sources */,
				CE6F44E62A0FD421001B54E7 /* Frameworks */,
				CE6F44E72A0FD421001B54E7 /* Resources */,
			);
			buildRules = (
			);
			dependencies = (
				CE6F44EB2A0FD421001B54E7 /* PBXTargetDependency */,
			);
			name = "Personal CVTests";
			productName = "Personal CVTests";
			productReference = CE6F44E92A0FD421001B54E7 /* Personal CVTests.xctest */;
			productType = "com.apple.product-type.bundle.unit-test";
		};
		CE6F44F22A0FD421001B54E7 /* Personal CVUITests */ = {
			isa = PBXNativeTarget;
			buildConfigurationList = CE6F45032A0FD421001B54E7 /* Build configuration list for PBXNativeTarget "Personal CVUITests" */;
			buildPhases = (
				CE6F44EF2A0FD421001B54E7 /* Sources */,
				CE6F44F02A0FD421001B54E7 /* Frameworks */,
				CE6F44F12A0FD421001B54E7 /* Resources */,
			);
			buildRules = (
			);
			dependencies = (
				CE6F44F52A0FD421001B54E7 /* PBXTargetDependency */,
			);
			name = "Personal CVUITests";
			productName = "Personal CVUITests";
			productReference = CE6F44F32A0FD421001B54E7 /* Personal CVUITests.xctest */;
			productType = "com.apple.product-type.bundle.ui-testing";
		};
/* End PBXNativeTarget section */

/* Begin PBXProject section */
		CE6F44D12A0FD420001B54E7 /* Project object */ = {
			isa = PBXProject;
			attributes = {
				BuildIndependentTargetsInParallel = 1;
				LastSwiftUpdateCheck = 1430;
				LastUpgradeCheck = 1430;
				TargetAttributes = {
					CE6F44D82A0FD420001B54E7 = {
						CreatedOnToolsVersion = 14.3;
					};
					CE6F44E82A0FD421001B54E7 = {
						CreatedOnToolsVersion = 14.3;
						TestTargetID = CE6F44D82A0FD420001B54E7;
					};
					CE6F44F22A0FD421001B54E7 = {
						CreatedOnToolsVersion = 14.3;
						TestTargetID = CE6F44D82A0FD420001B54E7;
					};
				};
			};
			buildConfigurationList = CE6F44D42A0FD420001B54E7 /* Build configuration list for PBXProject "Personal CV" */;
			compatibilityVersion = "Xcode 14.0";
			developmentRegion = en;
			hasScannedForEncodings = 0;
			knownRegions = (
				en,
				Base,
			);
			mainGroup = CE6F44D02A0FD420001B54E7;
			productRefGroup = CE6F44DA2A0FD420001B54E7 /* Products */;
			projectDirPath = "";
			projectRoot = "";
			targets = (
				CE6F44D82A0FD420001B54E7 /* Personal CV */,
				CE6F44E82A0FD421001B54E7 /* Personal CVTests */,
				CE6F44F22A0FD421001B54E7 /* Personal CVUITests */,
			);
		};
/* End PBXProject section */

/* Begin PBXResourcesBuildPhase section */
		CE6F44D72A0FD420001B54E7 /* Resources */ = {
			isa = PBXResourcesBuildPhase;
			buildActionMask = 2147483647;
			files = (
				CE6F44E42A0FD420001B54E7 /* Preview Assets.xcassets in Resources */,
				CE6F44E12A0FD420001B54E7 /* Assets.xcassets in Resources */,
			);
			runOnlyForDeploymentPostprocessing = 0;
		};
		CE6F44E72A0FD421001B54E7 /* Resources */ = {
			isa = PBXResourcesBuildPhase;
			buildActionMask = 2147483647;
			files = (
			);
			runOnlyForDeploymentPostprocessing = 0;
		};
		CE6F44F12A0FD421001B54E7 /* Resources */ = {
			isa = PBXResourcesBuildPhase;
			buildActionMask = 2147483647;
			files = (
			);
			runOnlyForDeploymentPostprocessing = 0;
		};
/* End PBXResourcesBuildPhase section */

/* Begin PBXSourcesBuildPhase section */
		CE6F44D52A0FD420001B54E7 /* Sources */ = {
			isa = PBXSourcesBuildPhase;
			buildActionMask = 2147483647;
			files = (
				CE6F450C2A0FE982001B54E7 /* Certifications.swift in Sources */,
				CE6F45082A0FD446001B54E7 /* Homepage.swift in Sources */,
				CE6F450E2A0FEC3E001B54E7 /* Goals.swift in Sources */,
				CE6F44DF2A0FD420001B54E7 /* ContentView.swift in Sources */,
				CE6F45102A0FF07E001B54E7 /* ImagePreview.swift in Sources */,
				CE6F44DD2A0FD420001B54E7 /* Personal_CVApp.swift in Sources */,
				CE6F45152A10133F001B54E7 /* CreateGoal.swift in Sources */,
				CE6F450A2A0FE971001B54E7 /* Projects.swift in Sources */,
				CE6F45132A100E55001B54E7 /* Data.swift in Sources */,
			);
			runOnlyForDeploymentPostprocessing = 0;
		};
		CE6F44E52A0FD421001B54E7 /* Sources */ = {
			isa = PBXSourcesBuildPhase;
			buildActionMask = 2147483647;
			files = (
				CE6F44EE2A0FD421001B54E7 /* Personal_CVTests.swift in Sources */,
			);
			runOnlyForDeploymentPostprocessing = 0;
		};
		CE6F44EF2A0FD421001B54E7 /* Sources */ = {
			isa = PBXSourcesBuildPhase;
			buildActionMask = 2147483647;
			files = (
				CE6F44F82A0FD421001B54E7 /* Personal_CVUITests.swift in Sources */,
				CE6F44FA2A0FD421001B54E7 /* Personal_CVUITestsLaunchTests.swift in Sources */,
			);
			runOnlyForDeploymentPostprocessing = 0;
		};
/* End PBXSourcesBuildPhase section */

/* Begin PBXTargetDependency section */
		CE6F44EB2A0FD421001B54E7 /* PBXTargetDependency */ = {
			isa = PBXTargetDependency;
			target = CE6F44D82A0FD420001B54E7 /* Personal CV */;
			targetProxy = CE6F44EA2A0FD421001B54E7 /* PBXContainerItemProxy */;
		};
		CE6F44F52A0FD421001B54E7 /* PBXTargetDependency */ = {
			isa = PBXTargetDependency;
			target = CE6F44D82A0FD420001B54E7 /* Personal CV */;
			targetProxy = CE6F44F42A0FD421001B54E7 /* PBXContainerItemProxy */;
		};
/* End PBXTargetDependency section */

/* Begin XCBuildConfiguration section */
		CE6F44FB2A0FD421001B54E7 /* Debug */ = {
			isa = XCBuildConfiguration;
			buildSettings = {
				ALWAYS_SEARCH_USER_PATHS = NO;
				CLANG_ANALYZER_NONNULL = YES;
				CLANG_ANALYZER_NUMBER_OBJECT_CONVERSION = YES_AGGRESSIVE;
				CLANG_CXX_LANGUAGE_STANDARD = "gnu++20";
				CLANG_ENABLE_MODULES = YES;
				CLANG_ENABLE_OBJC_ARC = YES;
				CLANG_ENABLE_OBJC_WEAK = YES;
				CLANG_WARN_BLOCK_CAPTURE_AUTORELEASING = YES;
				CLANG_WARN_BOOL_CONVERSION = YES;
				CLANG_WARN_COMMA = YES;
				CLANG_WARN_CONSTANT_CONVERSION = YES;
				CLANG_WARN_DEPRECATED_OBJC_IMPLEMENTATIONS = YES;
				CLANG_WARN_DIRECT_OBJC_ISA_USAGE = YES_ERROR;
				CLANG_WARN_DOCUMENTATION_COMMENTS = YES;
				CLANG_WARN_EMPTY_BODY = YES;
				CLANG_WARN_ENUM_CONVERSION = YES;
				CLANG_WARN_INFINITE_RECURSION = YES;
				CLANG_WARN_INT_CONVERSION = YES;
				CLANG_WARN_NON_LITERAL_NULL_CONVERSION = YES;
				CLANG_WARN_OBJC_IMPLICIT_RETAIN_SELF = YES;
				CLANG_WARN_OBJC_LITERAL_CONVERSION = YES;
				CLANG_WARN_OBJC_ROOT_CLASS = YES_ERROR;
				CLANG_WARN_QUOTED_INCLUDE_IN_FRAMEWORK_HEADER = YES;
				CLANG_WARN_RANGE_LOOP_ANALYSIS = YES;
				CLANG_WARN_STRICT_PROTOTYPES = YES;
				CLANG_WARN_SUSPICIOUS_MOVE = YES;
				CLANG_WARN_UNGUARDED_AVAILABILITY = YES_AGGRESSIVE;
				CLANG_WARN_UNREACHABLE_CODE = YES;
				CLANG_WARN__DUPLICATE_METHOD_MATCH = YES;
				COPY_PHASE_STRIP = NO;
				DEBUG_INFORMATION_FORMAT = dwarf;
				ENABLE_STRICT_OBJC_MSGSEND = YES;
				ENABLE_TESTABILITY = YES;
				GCC_C_LANGUAGE_STANDARD = gnu11;
				GCC_DYNAMIC_NO_PIC = NO;
				GCC_NO_COMMON_BLOCKS = YES;
				GCC_OPTIMIZATION_LEVEL = 0;
				GCC_PREPROCESSOR_DEFINITIONS = (
					"DEBUG=1",
					"$(inherited)",
				);
				GCC_WARN_64_TO_32_BIT_CONVERSION = YES;
				GCC_WARN_ABOUT_RETURN_TYPE = YES_ERROR;
				GCC_WARN_UNDECLARED_SELECTOR = YES;
				GCC_WARN_UNINITIALIZED_AUTOS = YES_AGGRESSIVE;
				GCC_WARN_UNUSED_FUNCTION = YES;
				GCC_WARN_UNUSED_VARIABLE = YES;
				IPHONEOS_DEPLOYMENT_TARGET = 16.4;
				MTL_ENABLE_DEBUG_INFO = INCLUDE_SOURCE;
				MTL_FAST_MATH = YES;
				ONLY_ACTIVE_ARCH = YES;
				SDKROOT = iphoneos;
				SWIFT_ACTIVE_COMPILATION_CONDITIONS = DEBUG;
				SWIFT_OPTIMIZATION_LEVEL = "-Onone";
			};
			name = Debug;
		};
		CE6F44FC2A0FD421001B54E7 /* Release */ = {
			isa = XCBuildConfiguration;
			buildSettings = {
				ALWAYS_SEARCH_USER_PATHS = NO;
				CLANG_ANALYZER_NONNULL = YES;
				CLANG_ANALYZER_NUMBER_OBJECT_CONVERSION = YES_AGGRESSIVE;
				CLANG_CXX_LANGUAGE_STANDARD = "gnu++20";
				CLANG_ENABLE_MODULES = YES;
				CLANG_ENABLE_OBJC_ARC = YES;
				CLANG_ENABLE_OBJC_WEAK = YES;
				CLANG_WARN_BLOCK_CAPTURE_AUTORELEASING = YES;
				CLANG_WARN_BOOL_CONVERSION = YES;
				CLANG_WARN_COMMA = YES;
				CLANG_WARN_CONSTANT_CONVERSION = YES;
				CLANG_WARN_DEPRECATED_OBJC_IMPLEMENTATIONS = YES;
				CLANG_WARN_DIRECT_OBJC_ISA_USAGE = YES_ERROR;
				CLANG_WARN_DOCUMENTATION_COMMENTS = YES;
				CLANG_WARN_EMPTY_BODY = YES;
				CLANG_WARN_ENUM_CONVERSION = YES;
				CLANG_WARN_INFINITE_RECURSION = YES;
				CLANG_WARN_INT_CONVERSION = YES;
				CLANG_WARN_NON_LITERAL_NULL_CONVERSION = YES;
				CLANG_WARN_OBJC_IMPLICIT_RETAIN_SELF = YES;
				CLANG_WARN_OBJC_LITERAL_CONVERSION = YES;
				CLANG_WARN_OBJC_ROOT_CLASS = YES_ERROR;
				CLANG_WARN_QUOTED_INCLUDE_IN_FRAMEWORK_HEADER = YES;
				CLANG_WARN_RANGE_LOOP_ANALYSIS = YES;
				CLANG_WARN_STRICT_PROTOTYPES = YES;
				CLANG_WARN_SUSPICIOUS_MOVE = YES;
				CLANG_WARN_UNGUARDED_AVAILABILITY = YES_AGGRESSIVE;
				CLANG_WARN_UNREACHABLE_CODE = YES;
				CLANG_WARN__DUPLICATE_METHOD_MATCH = YES;
				COPY_PHASE_STRIP = NO;
				DEBUG_INFORMATION_FORMAT = "dwarf-with-dsym";
				ENABLE_NS_ASSERTIONS = NO;
				ENABLE_STRICT_OBJC_MSGSEND = YES;
				GCC_C_LANGUAGE_STANDARD = gnu11;
				GCC_NO_COMMON_BLOCKS = YES;
				GCC_WARN_64_TO_32_BIT_CONVERSION = YES;
				GCC_WARN_ABOUT_RETURN_TYPE = YES_ERROR;
				GCC_WARN_UNDECLARED_SELECTOR = YES;
				GCC_WARN_UNINITIALIZED_AUTOS = YES_AGGRESSIVE;
				GCC_WARN_UNUSED_FUNCTION = YES;
				GCC_WARN_UNUSED_VARIABLE = YES;
				IPHONEOS_DEPLOYMENT_TARGET = 16.4;
				MTL_ENABLE_DEBUG_INFO = NO;
				MTL_FAST_MATH = YES;
				SDKROOT = iphoneos;
				SWIFT_COMPILATION_MODE = wholemodule;
				SWIFT_OPTIMIZATION_LEVEL = "-O";
				VALIDATE_PRODUCT = YES;
			};
			name = Release;
		};
		CE6F44FE2A0FD421001B54E7 /* Debug */ = {
			isa = XCBuildConfiguration;
			buildSettings = {
				ASSETCATALOG_COMPILER_APPICON_NAME = AppIcon;
				ASSETCATALOG_COMPILER_GLOBAL_ACCENT_COLOR_NAME = AccentColor;
				CODE_SIGN_STYLE = Automatic;
				CURRENT_PROJECT_VERSION = 1;
				DEVELOPMENT_ASSET_PATHS = "\"Personal CV/Preview Content\"";
				DEVELOPMENT_TEAM = QKJ4X4ZF22;
				ENABLE_PREVIEWS = YES;
				GENERATE_INFOPLIST_FILE = YES;
				INFOPLIST_KEY_UIApplicationSceneManifest_Generation = YES;
				INFOPLIST_KEY_UIApplicationSupportsIndirectInputEvents = YES;
				INFOPLIST_KEY_UILaunchScreen_Generation = YES;
				INFOPLIST_KEY_UISupportedInterfaceOrientations_iPad = "UIInterfaceOrientationPortrait UIInterfaceOrientationPortraitUpsideDown UIInterfaceOrientationLandscapeLeft UIInterfaceOrientationLandscapeRight";
				INFOPLIST_KEY_UISupportedInterfaceOrientations_iPhone = "UIInterfaceOrientationPortrait UIInterfaceOrientationLandscapeLeft UIInterfaceOrientationLandscapeRight";
				LD_RUNPATH_SEARCH_PATHS = (
					"$(inherited)",
					"@executable_path/Frameworks",
				);
				MARKETING_VERSION = 1.0;
				PRODUCT_BUNDLE_IDENTIFIER = "Nikos-Galinos.Personal-CV";
				PRODUCT_NAME = "$(TARGET_NAME)";
				SWIFT_EMIT_LOC_STRINGS = YES;
				SWIFT_VERSION = 5.0;
				TARGETED_DEVICE_FAMILY = "1,2";
			};
			name = Debug;
		};
		CE6F44FF2A0FD421001B54E7 /* Release */ = {
			isa = XCBuildConfiguration;
			buildSettings = {
				ASSETCATALOG_COMPILER_APPICON_NAME = AppIcon;
				ASSETCATALOG_COMPILER_GLOBAL_ACCENT_COLOR_NAME = AccentColor;
				CODE_SIGN_STYLE = Automatic;
				CURRENT_PROJECT_VERSION = 1;
				DEVELOPMENT_ASSET_PATHS = "\"Personal CV/Preview Content\"";
				DEVELOPMENT_TEAM = QKJ4X4ZF22;
				ENABLE_PREVIEWS = YES;
				GENERATE_INFOPLIST_FILE = YES;
				INFOPLIST_KEY_UIApplicationSceneManifest_Generation = YES;
				INFOPLIST_KEY_UIApplicationSupportsIndirectInputEvents = YES;
				INFOPLIST_KEY_UILaunchScreen_Generation = YES;
				INFOPLIST_KEY_UISupportedInterfaceOrientations_iPad = "UIInterfaceOrientationPortrait UIInterfaceOrientationPortraitUpsideDown UIInterfaceOrientationLandscapeLeft UIInterfaceOrientationLandscapeRight";
				INFOPLIST_KEY_UISupportedInterfaceOrientations_iPhone = "UIInterfaceOrientationPortrait UIInterfaceOrientationLandscapeLeft UIInterfaceOrientationLandscapeRight";
				LD_RUNPATH_SEARCH_PATHS = (
					"$(inherited)",
					"@executable_path/Frameworks",
				);
				MARKETING_VERSION = 1.0;
				PRODUCT_BUNDLE_IDENTIFIER = "Nikos-Galinos.Personal-CV";
				PRODUCT_NAME = "$(TARGET_NAME)";
				SWIFT_EMIT_LOC_STRINGS = YES;
				SWIFT_VERSION = 5.0;
				TARGETED_DEVICE_FAMILY = "1,2";
			};
			name = Release;
		};
		CE6F45012A0FD421001B54E7 /* Debug */ = {
			isa = XCBuildConfiguration;
			buildSettings = {
				ALWAYS_EMBED_SWIFT_STANDARD_LIBRARIES = YES;
				BUNDLE_LOADER = "$(TEST_HOST)";
				CODE_SIGN_STYLE = Automatic;
				CURRENT_PROJECT_VERSION = 1;
				GENERATE_INFOPLIST_FILE = YES;
				IPHONEOS_DEPLOYMENT_TARGET = 16.4;
				MARKETING_VERSION = 1.0;
				PRODUCT_BUNDLE_IDENTIFIER = "Nikos-Galinos.Personal-CVTests";
				PRODUCT_NAME = "$(TARGET_NAME)";
				SWIFT_EMIT_LOC_STRINGS = NO;
				SWIFT_VERSION = 5.0;
				TARGETED_DEVICE_FAMILY = "1,2";
				TEST_HOST = "$(BUILT_PRODUCTS_DIR)/Personal CV.app/$(BUNDLE_EXECUTABLE_FOLDER_PATH)/Personal CV";
			};
			name = Debug;
		};
		CE6F45022A0FD421001B54E7 /* Release */ = {
			isa = XCBuildConfiguration;
			buildSettings = {
				ALWAYS_EMBED_SWIFT_STANDARD_LIBRARIES = YES;
				BUNDLE_LOADER = "$(TEST_HOST)";
				CODE_SIGN_STYLE = Automatic;
				CURRENT_PROJECT_VERSION = 1;
				GENERATE_INFOPLIST_FILE = YES;
				IPHONEOS_DEPLOYMENT_TARGET = 16.4;
				MARKETING_VERSION = 1.0;
				PRODUCT_BUNDLE_IDENTIFIER = "Nikos-Galinos.Personal-CVTests";
				PRODUCT_NAME = "$(TARGET_NAME)";
				SWIFT_EMIT_LOC_STRINGS = NO;
				SWIFT_VERSION = 5.0;
				TARGETED_DEVICE_FAMILY = "1,2";
				TEST_HOST = "$(BUILT_PRODUCTS_DIR)/Personal CV.app/$(BUNDLE_EXECUTABLE_FOLDER_PATH)/Personal CV";
			};
			name = Release;
		};
		CE6F45042A0FD421001B54E7 /* Debug */ = {
			isa = XCBuildConfiguration;
			buildSettings = {
				ALWAYS_EMBED_SWIFT_STANDARD_LIBRARIES = YES;
				CODE_SIGN_STYLE = Automatic;
				CURRENT_PROJECT_VERSION = 1;
				GENERATE_INFOPLIST_FILE = YES;
				MARKETING_VERSION = 1.0;
				PRODUCT_BUNDLE_IDENTIFIER = "Nikos-Galinos.Personal-CVUITests";
				PRODUCT_NAME = "$(TARGET_NAME)";
				SWIFT_EMIT_LOC_STRINGS = NO;
				SWIFT_VERSION = 5.0;
				TARGETED_DEVICE_FAMILY = "1,2";
				TEST_TARGET_NAME = "Personal CV";
			};
			name = Debug;
		};
		CE6F45052A0FD421001B54E7 /* Release */ = {
			isa = XCBuildConfiguration;
			buildSettings = {
				ALWAYS_EMBED_SWIFT_STANDARD_LIBRARIES = YES;
				CODE_SIGN_STYLE = Automatic;
				CURRENT_PROJECT_VERSION = 1;
				GENERATE_INFOPLIST_FILE = YES;
				MARKETING_VERSION = 1.0;
				PRODUCT_BUNDLE_IDENTIFIER = "Nikos-Galinos.Personal-CVUITests";
				PRODUCT_NAME = "$(TARGET_NAME)";
				SWIFT_EMIT_LOC_STRINGS = NO;
				SWIFT_VERSION = 5.0;
				TARGETED_DEVICE_FAMILY = "1,2";
				TEST_TARGET_NAME = "Personal CV";
			};
			name = Release;
		};
/* End XCBuildConfiguration section */

/* Begin XCConfigurationList section */
		CE6F44D42A0FD420001B54E7 /* Build configuration list for PBXProject "Personal CV" */ = {
			isa = XCConfigurationList;
			buildConfigurations = (
				CE6F44FB2A0FD421001B54E7 /* Debug */,
				CE6F44FC2A0FD421001B54E7 /* Release */,
			);
			defaultConfigurationIsVisible = 0;
			defaultConfigurationName = Release;
		};
		CE6F44FD2A0FD421001B54E7 /* Build configuration list for PBXNativeTarget "Personal CV" */ = {
			isa = XCConfigurationList;
			buildConfigurations = (
				CE6F44FE2A0FD421001B54E7 /* Debug */,
				CE6F44FF2A0FD421001B54E7 /* Release */,
			);
			defaultConfigurationIsVisible = 0;
			defaultConfigurationName = Release;
		};
		CE6F45002A0FD421001B54E7 /* Build configuration list for PBXNativeTarget "Personal CVTests" */ = {
			isa = XCConfigurationList;
			buildConfigurations = (
				CE6F45012A0FD421001B54E7 /* Debug */,
				CE6F45022A0FD421001B54E7 /* Release */,
			);
			defaultConfigurationIsVisible = 0;
			defaultConfigurationName = Release;
		};
		CE6F45032A0FD421001B54E7 /* Build configuration list for PBXNativeTarget "Personal CVUITests" */ = {
			isa = XCConfigurationList;
			buildConfigurations = (
				CE6F45042A0FD421001B54E7 /* Debug */,
				CE6F45052A0FD421001B54E7 /* Release */,
			);
			defaultConfigurationIsVisible = 0;
			defaultConfigurationName = Release;
		};
/* End XCConfigurationList section */
	};
	rootObject = CE6F44D12A0FD420001B54E7 /* Project object */;
}
